// !$*UTF8*$!
{
	archiveVersion = 1;
	classes = {
	};
	objectVersion = 55;
	objects = {

/* Begin PBXBuildFile section */
		5208F6E828D16C7F00246A93 /* AppDelegate.swift in Sources */ = {isa = PBXBuildFile; fileRef = 5208F6E728D16C7F00246A93 /* AppDelegate.swift */; };
		5208F6EA28D16C7F00246A93 /* SceneDelegate.swift in Sources */ = {isa = PBXBuildFile; fileRef = 5208F6E928D16C7F00246A93 /* SceneDelegate.swift */; };
		5208F6EC28D16C7F00246A93 /* HomeViewController.swift in Sources */ = {isa = PBXBuildFile; fileRef = 5208F6EB28D16C7F00246A93 /* HomeViewController.swift */; };
		5208F6F128D16C8100246A93 /* Assets.xcassets in Resources */ = {isa = PBXBuildFile; fileRef = 5208F6F028D16C8100246A93 /* Assets.xcassets */; };
		5208F6F428D16C8100246A93 /* LaunchScreen.storyboard in Resources */ = {isa = PBXBuildFile; fileRef = 5208F6F228D16C8100246A93 /* LaunchScreen.storyboard */; };
		5208F6FC28D2158200246A93 /* StartCoordinator.swift in Sources */ = {isa = PBXBuildFile; fileRef = 5208F6FB28D2158200246A93 /* StartCoordinator.swift */; };
		5208F6FE28D215A200246A93 /* Coordinator.swift in Sources */ = {isa = PBXBuildFile; fileRef = 5208F6FD28D215A200246A93 /* Coordinator.swift */; };
		5208F70028D23AB200246A93 /* HomeView.swift in Sources */ = {isa = PBXBuildFile; fileRef = 5208F6FF28D23AB200246A93 /* HomeView.swift */; };
		5208F70228D23B0D00246A93 /* ViewCodeContract.swift in Sources */ = {isa = PBXBuildFile; fileRef = 5208F70128D23B0D00246A93 /* ViewCodeContract.swift */; };
		94B23BD372C8BC164109C3E1 /* Pods_UsingRxSwift.framework in Frameworks */ = {isa = PBXBuildFile; fileRef = C6C6BDDD493D43F7D5BC17DF /* Pods_UsingRxSwift.framework */; };
/* End PBXBuildFile section */

/* Begin PBXFileReference section */
		170B285ED9888ACCD1E771D1 /* Pods-UsingRxSwift.debug.xcconfig */ = {isa = PBXFileReference; includeInIndex = 1; lastKnownFileType = text.xcconfig; name = "Pods-UsingRxSwift.debug.xcconfig"; path = "Target Support Files/Pods-UsingRxSwift/Pods-UsingRxSwift.debug.xcconfig"; sourceTree = "<group>"; };
		5208F6E428D16C7F00246A93 /* UsingRxSwift.app */ = {isa = PBXFileReference; explicitFileType = wrapper.application; includeInIndex = 0; path = UsingRxSwift.app; sourceTree = BUILT_PRODUCTS_DIR; };
		5208F6E728D16C7F00246A93 /* AppDelegate.swift */ = {isa = PBXFileReference; lastKnownFileType = sourcecode.swift; path = AppDelegate.swift; sourceTree = "<group>"; };
		5208F6E928D16C7F00246A93 /* SceneDelegate.swift */ = {isa = PBXFileReference; lastKnownFileType = sourcecode.swift; path = SceneDelegate.swift; sourceTree = "<group>"; };
		5208F6EB28D16C7F00246A93 /* HomeViewController.swift */ = {isa = PBXFileReference; lastKnownFileType = sourcecode.swift; path = HomeViewController.swift; sourceTree = "<group>"; };
		5208F6F028D16C8100246A93 /* Assets.xcassets */ = {isa = PBXFileReference; lastKnownFileType = folder.assetcatalog; path = Assets.xcassets; sourceTree = "<group>"; };
		5208F6F328D16C8100246A93 /* Base */ = {isa = PBXFileReference; lastKnownFileType = file.storyboard; name = Base; path = Base.lproj/LaunchScreen.storyboard; sourceTree = "<group>"; };
		5208F6F528D16C8100246A93 /* Info.plist */ = {isa = PBXFileReference; lastKnownFileType = text.plist.xml; path = Info.plist; sourceTree = "<group>"; };
		5208F6FB28D2158200246A93 /* StartCoordinator.swift */ = {isa = PBXFileReference; lastKnownFileType = sourcecode.swift; path = StartCoordinator.swift; sourceTree = "<group>"; };
		5208F6FD28D215A200246A93 /* Coordinator.swift */ = {isa = PBXFileReference; lastKnownFileType = sourcecode.swift; path = Coordinator.swift; sourceTree = "<group>"; };
		5208F6FF28D23AB200246A93 /* HomeView.swift */ = {isa = PBXFileReference; lastKnownFileType = sourcecode.swift; path = HomeView.swift; sourceTree = "<group>"; };
		5208F70128D23B0D00246A93 /* ViewCodeContract.swift */ = {isa = PBXFileReference; lastKnownFileType = sourcecode.swift; path = ViewCodeContract.swift; sourceTree = "<group>"; };
		BC7D8FBFB5EC67B748023CBC /* Pods-UsingRxSwift.release.xcconfig */ = {isa = PBXFileReference; includeInIndex = 1; lastKnownFileType = text.xcconfig; name = "Pods-UsingRxSwift.release.xcconfig"; path = "Target Support Files/Pods-UsingRxSwift/Pods-UsingRxSwift.release.xcconfig"; sourceTree = "<group>"; };
		C6C6BDDD493D43F7D5BC17DF /* Pods_UsingRxSwift.framework */ = {isa = PBXFileReference; explicitFileType = wrapper.framework; includeInIndex = 0; path = Pods_UsingRxSwift.framework; sourceTree = BUILT_PRODUCTS_DIR; };
/* End PBXFileReference section */

/* Begin PBXFrameworksBuildPhase section */
		5208F6E128D16C7F00246A93 /* Frameworks */ = {
			isa = PBXFrameworksBuildPhase;
			buildActionMask = 2147483647;
			files = (
				94B23BD372C8BC164109C3E1 /* Pods_UsingRxSwift.framework in Frameworks */,
			);
			runOnlyForDeploymentPostprocessing = 0;
		};
/* End PBXFrameworksBuildPhase section */

/* Begin PBXGroup section */
		5208F6DB28D16C7F00246A93 = {
			isa = PBXGroup;
			children = (
				5208F6E628D16C7F00246A93 /* UsingRxSwift */,
				5208F6E528D16C7F00246A93 /* Products */,
				ABC49D98BE62CF8328F2E4CE /* Pods */,
				A6997FA1429AAC15A77E0E6D /* Frameworks */,
			);
			sourceTree = "<group>";
		};
		5208F6E528D16C7F00246A93 /* Products */ = {
			isa = PBXGroup;
			children = (
				5208F6E428D16C7F00246A93 /* UsingRxSwift.app */,
			);
			name = Products;
			sourceTree = "<group>";
		};
		5208F6E628D16C7F00246A93 /* UsingRxSwift */ = {
			isa = PBXGroup;
			children = (
				5208F6E728D16C7F00246A93 /* AppDelegate.swift */,
				5208F6E928D16C7F00246A93 /* SceneDelegate.swift */,
				5208F6EB28D16C7F00246A93 /* HomeViewController.swift */,
				5208F6F028D16C8100246A93 /* Assets.xcassets */,
				5208F6F228D16C8100246A93 /* LaunchScreen.storyboard */,
				5208F6F528D16C8100246A93 /* Info.plist */,
				5208F6FB28D2158200246A93 /* StartCoordinator.swift */,
				5208F6FD28D215A200246A93 /* Coordinator.swift */,
				5208F6FF28D23AB200246A93 /* HomeView.swift */,
				5208F70128D23B0D00246A93 /* ViewCodeContract.swift */,
			);
			path = UsingRxSwift;
			sourceTree = "<group>";
		};
		A6997FA1429AAC15A77E0E6D /* Frameworks */ = {
			isa = PBXGroup;
			children = (
				C6C6BDDD493D43F7D5BC17DF /* Pods_UsingRxSwift.framework */,
			);
			name = Frameworks;
			sourceTree = "<group>";
		};
		ABC49D98BE62CF8328F2E4CE /* Pods */ = {
			isa = PBXGroup;
			children = (
				170B285ED9888ACCD1E771D1 /* Pods-UsingRxSwift.debug.xcconfig */,
				BC7D8FBFB5EC67B748023CBC /* Pods-UsingRxSwift.release.xcconfig */,
			);
			path = Pods;
			sourceTree = "<group>";
		};
/* End PBXGroup section */

/* Begin PBXNativeTarget section */
		5208F6E328D16C7F00246A93 /* UsingRxSwift */ = {
			isa = PBXNativeTarget;
			buildConfigurationList = 5208F6F828D16C8100246A93 /* Build configuration list for PBXNativeTarget "UsingRxSwift" */;
			buildPhases = (
				968BB45F1EFF91B72C3B0BEC /* [CP] Check Pods Manifest.lock */,
				5208F6E028D16C7F00246A93 /* Sources */,
				5208F6E128D16C7F00246A93 /* Frameworks */,
				5208F6E228D16C7F00246A93 /* Resources */,
				A9B4C835F3E44A706FCE58F5 /* [CP] Embed Pods Frameworks */,
			);
			buildRules = (
			);
			dependencies = (
			);
			name = UsingRxSwift;
			productName = UsingRxSwift;
			productReference = 5208F6E428D16C7F00246A93 /* UsingRxSwift.app */;
			productType = "com.apple.product-type.application";
		};
/* End PBXNativeTarget section */

/* Begin PBXProject section */
		5208F6DC28D16C7F00246A93 /* Project object */ = {
			isa = PBXProject;
			attributes = {
				BuildIndependentTargetsInParallel = 1;
				LastSwiftUpdateCheck = 1340;
				LastUpgradeCheck = 1340;
				TargetAttributes = {
					5208F6E328D16C7F00246A93 = {
						CreatedOnToolsVersion = 13.4.1;
					};
				};
			};
			buildConfigurationList = 5208F6DF28D16C7F00246A93 /* Build configuration list for PBXProject "UsingRxSwift" */;
			compatibilityVersion = "Xcode 13.0";
			developmentRegion = en;
			hasScannedForEncodings = 0;
			knownRegions = (
				en,
				Base,
			);
			mainGroup = 5208F6DB28D16C7F00246A93;
			productRefGroup = 5208F6E528D16C7F00246A93 /* Products */;
			projectDirPath = "";
			projectRoot = "";
			targets = (
				5208F6E328D16C7F00246A93 /* UsingRxSwift */,
			);
		};
/* End PBXProject section */

/* Begin PBXResourcesBuildPhase section */
		5208F6E228D16C7F00246A93 /* Resources */ = {
			isa = PBXResourcesBuildPhase;
			buildActionMask = 2147483647;
			files = (
				5208F6F428D16C8100246A93 /* LaunchScreen.storyboard in Resources */,
				5208F6F128D16C8100246A93 /* Assets.xcassets in Resources */,
			);
			runOnlyForDeploymentPostprocessing = 0;
		};
/* End PBXResourcesBuildPhase section */

/* Begin PBXShellScriptBuildPhase section */
		968BB45F1EFF91B72C3B0BEC /* [CP] Check Pods Manifest.lock */ = {
			isa = PBXShellScriptBuildPhase;
			buildActionMask = 2147483647;
			files = (
			);
			inputFileListPaths = (
			);
			inputPaths = (
				"${PODS_PODFILE_DIR_PATH}/Podfile.lock",
				"${PODS_ROOT}/Manifest.lock",
			);
			name = "[CP] Check Pods Manifest.lock";
			outputFileListPaths = (
			);
			outputPaths = (
				"$(DERIVED_FILE_DIR)/Pods-UsingRxSwift-checkManifestLockResult.txt",
			);
			runOnlyForDeploymentPostprocessing = 0;
			shellPath = /bin/sh;
			shellScript = "diff \"${PODS_PODFILE_DIR_PATH}/Podfile.lock\" \"${PODS_ROOT}/Manifest.lock\" > /dev/null\nif [ $? != 0 ] ; then\n    # print error to STDERR\n    echo \"error: The sandbox is not in sync with the Podfile.lock. Run 'pod install' or update your CocoaPods installation.\" >&2\n    exit 1\nfi\n# This output is used by Xcode 'outputs' to avoid re-running this script phase.\necho \"SUCCESS\" > \"${SCRIPT_OUTPUT_FILE_0}\"\n";
			showEnvVarsInLog = 0;
		};
		A9B4C835F3E44A706FCE58F5 /* [CP] Embed Pods Frameworks */ = {
			isa = PBXShellScriptBuildPhase;
			buildActionMask = 2147483647;
			files = (
			);
			inputFileListPaths = (
				"${PODS_ROOT}/Target Support Files/Pods-UsingRxSwift/Pods-UsingRxSwift-frameworks-${CONFIGURATION}-input-files.xcfilelist",
			);
			name = "[CP] Embed Pods Frameworks";
			outputFileListPaths = (
				"${PODS_ROOT}/Target Support Files/Pods-UsingRxSwift/Pods-UsingRxSwift-frameworks-${CONFIGURATION}-output-files.xcfilelist",
			);
			runOnlyForDeploymentPostprocessing = 0;
			shellPath = /bin/sh;
			shellScript = "\"${PODS_ROOT}/Target Support Files/Pods-UsingRxSwift/Pods-UsingRxSwift-frameworks.sh\"\n";
			showEnvVarsInLog = 0;
		};
/* End PBXShellScriptBuildPhase section */

/* Begin PBXSourcesBuildPhase section */
		5208F6E028D16C7F00246A93 /* Sources */ = {
			isa = PBXSourcesBuildPhase;
			buildActionMask = 2147483647;
			files = (
				5208F6EC28D16C7F00246A93 /* HomeViewController.swift in Sources */,
				5208F6E828D16C7F00246A93 /* AppDelegate.swift in Sources */,
				5208F70228D23B0D00246A93 /* ViewCodeContract.swift in Sources */,
				5208F6FE28D215A200246A93 /* Coordinator.swift in Sources */,
				5208F70028D23AB200246A93 /* HomeView.swift in Sources */,
				5208F6EA28D16C7F00246A93 /* SceneDelegate.swift in Sources */,
				5208F6FC28D2158200246A93 /* StartCoordinator.swift in Sources */,
			);
			runOnlyForDeploymentPostprocessing = 0;
		};
/* End PBXSourcesBuildPhase section */

/* Begin PBXVariantGroup section */
		5208F6F228D16C8100246A93 /* LaunchScreen.storyboard */ = {
			isa = PBXVariantGroup;
			children = (
				5208F6F328D16C8100246A93 /* Base */,
			);
			name = LaunchScreen.storyboard;
			sourceTree = "<group>";
		};
/* End PBXVariantGroup section */

/* Begin XCBuildConfiguration section */
		5208F6F628D16C8100246A93 /* Debug */ = {
			isa = XCBuildConfiguration;
			buildSettings = {
				ALWAYS_SEARCH_USER_PATHS = NO;
				CLANG_ANALYZER_NONNULL = YES;
				CLANG_ANALYZER_NUMBER_OBJECT_CONVERSION = YES_AGGRESSIVE;
				CLANG_CXX_LANGUAGE_STANDARD = "gnu++17";
				CLANG_ENABLE_MODULES = YES;
				CLANG_ENABLE_OBJC_ARC = YES;
				CLANG_ENABLE_OBJC_WEAK = YES;
				CLANG_WARN_BLOCK_CAPTURE_AUTORELEASING = YES;
				CLANG_WARN_BOOL_CONVERSION = YES;
				CLANG_WARN_COMMA = YES;
				CLANG_WARN_CONSTANT_CONVERSION = YES;
				CLANG_WARN_DEPRECATED_OBJC_IMPLEMENTATIONS = YES;
				CLANG_WARN_DIRECT_OBJC_ISA_USAGE = YES_ERROR;
				CLANG_WARN_DOCUMENTATION_COMMENTS = YES;
				CLANG_WARN_EMPTY_BODY = YES;
				CLANG_WARN_ENUM_CONVERSION = YES;
				CLANG_WARN_INFINITE_RECURSION = YES;
				CLANG_WARN_INT_CONVERSION = YES;
				CLANG_WARN_NON_LITERAL_NULL_CONVERSION = YES;
				CLANG_WARN_OBJC_IMPLICIT_RETAIN_SELF = YES;
				CLANG_WARN_OBJC_LITERAL_CONVERSION = YES;
				CLANG_WARN_OBJC_ROOT_CLASS = YES_ERROR;
				CLANG_WARN_QUOTED_INCLUDE_IN_FRAMEWORK_HEADER = YES;
				CLANG_WARN_RANGE_LOOP_ANALYSIS = YES;
				CLANG_WARN_STRICT_PROTOTYPES = YES;
				CLANG_WARN_SUSPICIOUS_MOVE = YES;
				CLANG_WARN_UNGUARDED_AVAILABILITY = YES_AGGRESSIVE;
				CLANG_WARN_UNREACHABLE_CODE = YES;
				CLANG_WARN__DUPLICATE_METHOD_MATCH = YES;
				COPY_PHASE_STRIP = NO;
				DEBUG_INFORMATION_FORMAT = dwarf;
				ENABLE_STRICT_OBJC_MSGSEND = YES;
				ENABLE_TESTABILITY = YES;
				GCC_C_LANGUAGE_STANDARD = gnu11;
				GCC_DYNAMIC_NO_PIC = NO;
				GCC_NO_COMMON_BLOCKS = YES;
				GCC_OPTIMIZATION_LEVEL = 0;
				GCC_PREPROCESSOR_DEFINITIONS = (
					"DEBUG=1",
					"$(inherited)",
				);
				GCC_WARN_64_TO_32_BIT_CONVERSION = YES;
				GCC_WARN_ABOUT_RETURN_TYPE = YES_ERROR;
				GCC_WARN_UNDECLARED_SELECTOR = YES;
				GCC_WARN_UNINITIALIZED_AUTOS = YES_AGGRESSIVE;
				GCC_WARN_UNUSED_FUNCTION = YES;
				GCC_WARN_UNUSED_VARIABLE = YES;
				IPHONEOS_DEPLOYMENT_TARGET = 15.5;
				MTL_ENABLE_DEBUG_INFO = INCLUDE_SOURCE;
				MTL_FAST_MATH = YES;
				ONLY_ACTIVE_ARCH = YES;
				SDKROOT = iphoneos;
				SWIFT_ACTIVE_COMPILATION_CONDITIONS = DEBUG;
				SWIFT_OPTIMIZATION_LEVEL = "-Onone";
			};
			name = Debug;
		};
		5208F6F728D16C8100246A93 /* Release */ = {
			isa = XCBuildConfiguration;
			buildSettings = {
				ALWAYS_SEARCH_USER_PATHS = NO;
				CLANG_ANALYZER_NONNULL = YES;
				CLANG_ANALYZER_NUMBER_OBJECT_CONVERSION = YES_AGGRESSIVE;
				CLANG_CXX_LANGUAGE_STANDARD = "gnu++17";
				CLANG_ENABLE_MODULES = YES;
				CLANG_ENABLE_OBJC_ARC = YES;
				CLANG_ENABLE_OBJC_WEAK = YES;
				CLANG_WARN_BLOCK_CAPTURE_AUTORELEASING = YES;
				CLANG_WARN_BOOL_CONVERSION = YES;
				CLANG_WARN_COMMA = YES;
				CLANG_WARN_CONSTANT_CONVERSION = YES;
				CLANG_WARN_DEPRECATED_OBJC_IMPLEMENTATIONS = YES;
				CLANG_WARN_DIRECT_OBJC_ISA_USAGE = YES_ERROR;
				CLANG_WARN_DOCUMENTATION_COMMENTS = YES;
				CLANG_WARN_EMPTY_BODY = YES;
				CLANG_WARN_ENUM_CONVERSION = YES;
				CLANG_WARN_INFINITE_RECURSION = YES;
				CLANG_WARN_INT_CONVERSION = YES;
				CLANG_WARN_NON_LITERAL_NULL_CONVERSION = YES;
				CLANG_WARN_OBJC_IMPLICIT_RETAIN_SELF = YES;
				CLANG_WARN_OBJC_LITERAL_CONVERSION = YES;
				CLANG_WARN_OBJC_ROOT_CLASS = YES_ERROR;
				CLANG_WARN_QUOTED_INCLUDE_IN_FRAMEWORK_HEADER = YES;
				CLANG_WARN_RANGE_LOOP_ANALYSIS = YES;
				CLANG_WARN_STRICT_PROTOTYPES = YES;
				CLANG_WARN_SUSPICIOUS_MOVE = YES;
				CLANG_WARN_UNGUARDED_AVAILABILITY = YES_AGGRESSIVE;
				CLANG_WARN_UNREACHABLE_CODE = YES;
				CLANG_WARN__DUPLICATE_METHOD_MATCH = YES;
				COPY_PHASE_STRIP = NO;
				DEBUG_INFORMATION_FORMAT = "dwarf-with-dsym";
				ENABLE_NS_ASSERTIONS = NO;
				ENABLE_STRICT_OBJC_MSGSEND = YES;
				GCC_C_LANGUAGE_STANDARD = gnu11;
				GCC_NO_COMMON_BLOCKS = YES;
				GCC_WARN_64_TO_32_BIT_CONVERSION = YES;
				GCC_WARN_ABOUT_RETURN_TYPE = YES_ERROR;
				GCC_WARN_UNDECLARED_SELECTOR = YES;
				GCC_WARN_UNINITIALIZED_AUTOS = YES_AGGRESSIVE;
				GCC_WARN_UNUSED_FUNCTION = YES;
				GCC_WARN_UNUSED_VARIABLE = YES;
				IPHONEOS_DEPLOYMENT_TARGET = 15.5;
				MTL_ENABLE_DEBUG_INFO = NO;
				MTL_FAST_MATH = YES;
				SDKROOT = iphoneos;
				SWIFT_COMPILATION_MODE = wholemodule;
				SWIFT_OPTIMIZATION_LEVEL = "-O";
				VALIDATE_PRODUCT = YES;
			};
			name = Release;
		};
		5208F6F928D16C8100246A93 /* Debug */ = {
			isa = XCBuildConfiguration;
			baseConfigurationReference = 170B285ED9888ACCD1E771D1 /* Pods-UsingRxSwift.debug.xcconfig */;
			buildSettings = {
				ASSETCATALOG_COMPILER_APPICON_NAME = AppIcon;
				ASSETCATALOG_COMPILER_GLOBAL_ACCENT_COLOR_NAME = AccentColor;
				CODE_SIGN_STYLE = Automatic;
				CURRENT_PROJECT_VERSION = 1;
				DEVELOPMENT_TEAM = 4YZBY4QHWG;
				GENERATE_INFOPLIST_FILE = YES;
				INFOPLIST_FILE = UsingRxSwift/Info.plist;
				INFOPLIST_KEY_UIApplicationSupportsIndirectInputEvents = YES;
				INFOPLIST_KEY_UILaunchStoryboardName = LaunchScreen;
				INFOPLIST_KEY_UISupportedInterfaceOrientations_iPad = "UIInterfaceOrientationPortrait UIInterfaceOrientationPortraitUpsideDown UIInterfaceOrientationLandscapeLeft UIInterfaceOrientationLandscapeRight";
				INFOPLIST_KEY_UISupportedInterfaceOrientations_iPhone = "UIInterfaceOrientationPortrait UIInterfaceOrientationLandscapeLeft UIInterfaceOrientationLandscapeRight";
				LD_RUNPATH_SEARCH_PATHS = (
					"$(inherited)",
					"@executable_path/Frameworks",
				);
				MARKETING_VERSION = 1.0;
				PRODUCT_BUNDLE_IDENTIFIER = Renilson.moreira.UsingRxSwift;
				PRODUCT_NAME = "$(TARGET_NAME)";
				SWIFT_EMIT_LOC_STRINGS = YES;
				SWIFT_VERSION = 5.0;
				TARGETED_DEVICE_FAMILY = "1,2";
			};
			name = Debug;
		};
		5208F6FA28D16C8100246A93 /* Release */ = {
			isa = XCBuildConfiguration;
			baseConfigurationReference = BC7D8FBFB5EC67B748023CBC /* Pods-UsingRxSwift.release.xcconfig */;
			buildSettings = {
				ASSETCATALOG_COMPILER_APPICON_NAME = AppIcon;
				ASSETCATALOG_COMPILER_GLOBAL_ACCENT_COLOR_NAME = AccentColor;
				CODE_SIGN_STYLE = Automatic;
				CURRENT_PROJECT_VERSION = 1;
				DEVELOPMENT_TEAM = 4YZBY4QHWG;
				GENERATE_INFOPLIST_FILE = YES;
				INFOPLIST_FILE = UsingRxSwift/Info.plist;
				INFOPLIST_KEY_UIApplicationSupportsIndirectInputEvents = YES;
				INFOPLIST_KEY_UILaunchStoryboardName = LaunchScreen;
				INFOPLIST_KEY_UISupportedInterfaceOrientations_iPad = "UIInterfaceOrientationPortrait UIInterfaceOrientationPortraitUpsideDown UIInterfaceOrientationLandscapeLeft UIInterfaceOrientationLandscapeRight";
				INFOPLIST_KEY_UISupportedInterfaceOrientations_iPhone = "UIInterfaceOrientationPortrait UIInterfaceOrientationLandscapeLeft UIInterfaceOrientationLandscapeRight";
				LD_RUNPATH_SEARCH_PATHS = (
					"$(inherited)",
					"@executable_path/Frameworks",
				);
				MARKETING_VERSION = 1.0;
				PRODUCT_BUNDLE_IDENTIFIER = Renilson.moreira.UsingRxSwift;
				PRODUCT_NAME = "$(TARGET_NAME)";
				SWIFT_EMIT_LOC_STRINGS = YES;
				SWIFT_VERSION = 5.0;
				TARGETED_DEVICE_FAMILY = "1,2";
			};
			name = Release;
		};
/* End XCBuildConfiguration section */

/* Begin XCConfigurationList section */
		5208F6DF28D16C7F00246A93 /* Build configuration list for PBXProject "UsingRxSwift" */ = {
			isa = XCConfigurationList;
			buildConfigurations = (
				5208F6F628D16C8100246A93 /* Debug */,
				5208F6F728D16C8100246A93 /* Release */,
			);
			defaultConfigurationIsVisible = 0;
			defaultConfigurationName = Release;
		};
		5208F6F828D16C8100246A93 /* Build configuration list for PBXNativeTarget "UsingRxSwift" */ = {
			isa = XCConfigurationList;
			buildConfigurations = (
				5208F6F928D16C8100246A93 /* Debug */,
				5208F6FA28D16C8100246A93 /* Release */,
			);
			defaultConfigurationIsVisible = 0;
			defaultConfigurationName = Release;
		};
/* End XCConfigurationList section */
	};
	rootObject = 5208F6DC28D16C7F00246A93 /* Project object */;
}
